{
  "name": "poc-optimizely-node",
  "version": "1.0.0",
  "lockfileVersion": 1,
  "requires": true,
  "dependencies": {
    "@optimizely/js-sdk-datafile-manager": {
      "version": "0.8.0",
      "resolved": "https://npm-dev.bonuz.com/@optimizely%2fjs-sdk-datafile-manager/-/js-sdk-datafile-manager-0.8.0.tgz",
      "integrity": "sha512-eTpWhLisgXLlUFy0Qz6SP0yKYYwyP8DDLt6nwZky33lka2kustQMnfI0uhNN8EAdx/vayxuTdmaYRWBy+pS7Vg==",
      "requires": {
        "@optimizely/js-sdk-logging": "^0.1.0",
        "@optimizely/js-sdk-utils": "^0.4.0",
        "decompress-response": "^4.2.1"
      }
    },
    "@optimizely/js-sdk-event-processor": {
      "version": "0.8.0",
      "resolved": "https://npm-dev.bonuz.com/@optimizely%2fjs-sdk-event-processor/-/js-sdk-event-processor-0.8.0.tgz",
      "integrity": "sha512-fq1OcZtYIkMLGXB60I+aetkMWmBl7jjeHEFbaiAmbwwqLcdxQZXIfRhGnCJ+I3MA8OGvqzxZK+dlS5PqeoGt9g==",
      "requires": {
        "@optimizely/js-sdk-logging": "^0.1.0",
        "@optimizely/js-sdk-utils": "^0.4.0"
      }
    },
    "@optimizely/js-sdk-logging": {
      "version": "0.1.0",
      "resolved": "https://npm-dev.bonuz.com/@optimizely%2fjs-sdk-logging/-/js-sdk-logging-0.1.0.tgz",
      "integrity": "sha512-Bs2zHvsdNIk2QSg05P6mKIlROHoBIRNStbrVwlePm603CucojKRPlFJG4rt7sFZQOo8xS8I7z1BmE4QI3/ZE9A==",
      "requires": {
        "@optimizely/js-sdk-utils": "^0.1.0"
      },
      "dependencies": {
        "@optimizely/js-sdk-utils": {
          "version": "0.1.0",
          "resolved": "https://npm-dev.bonuz.com/@optimizely%2fjs-sdk-utils/-/js-sdk-utils-0.1.0.tgz",
          "integrity": "sha512-p7499GgVaX94YmkrwOiEtLgxgjXTPbUQsvETaAil5J7zg1TOA4Wl8ClalLSvCh+AKWkxGdkL4/uM/zfbxPSNNw==",
          "requires": {
            "uuid": "^3.3.2"
          }
        }
      }
    },
    "@optimizely/js-sdk-utils": {
      "version": "0.4.0",
      "resolved": "https://npm-dev.bonuz.com/@optimizely%2fjs-sdk-utils/-/js-sdk-utils-0.4.0.tgz",
      "integrity": "sha512-QG2oytnITW+VKTJK+l0RxjaS5VrA6W+AZMzpeg4LCB4Rn4BEKtF+EcW/5S1fBDLAviGq/0TLpkjM3DlFkJ9/Gw==",
      "requires": {
        "uuid": "^3.3.2"
      }
    },
    "@optimizely/optimizely-sdk": {
      "version": "4.4.3",
      "resolved": "https://npm-dev.bonuz.com/@optimizely%2foptimizely-sdk/-/optimizely-sdk-4.4.3.tgz",
      "integrity": "sha512-BLpjVzHSeZ6egxmIQMpGx63gUpw8GQMDjQmI7FF0tnqyW7wA+Uf0l3OVpTt3lbnRnHaQs29tR+vkhvZrrH5zuQ==",
      "requires": {
        "@optimizely/js-sdk-datafile-manager": "^0.8.0",
        "@optimizely/js-sdk-event-processor": "^0.8.0",
        "@optimizely/js-sdk-logging": "^0.1.0",
        "@optimizely/js-sdk-utils": "^0.4.0",
        "json-schema": "^0.2.3",
        "murmurhash": "0.0.2"
      }
    },
    "decompress-response": {
      "version": "4.2.1",
      "resolved": "https://npm-dev.bonuz.com/decompress-response/-/decompress-response-4.2.1.tgz",
      "integrity": "sha512-jOSne2qbyE+/r8G1VU+G/82LBs2Fs4LAsTiLSHOCOMZQl2OKZ6i8i4IyHemTe+/yIXOtTcRQMzPcgyhoFlqPkw==",
      "requires": {
        "mimic-response": "^2.0.0"
      }
    },
    "json-schema": {
      "version": "0.2.5",
      "resolved": "https://npm-dev.bonuz.com/json-schema/-/json-schema-0.2.5.tgz",
      "integrity": "sha512-gWJOWYFrhQ8j7pVm0EM8Slr+EPVq1Phf6lvzvD/WCeqkrx/f2xBI0xOsRRS9xCn3I4vKtP519dvs3TP09r24wQ=="
    },
    "mimic-response": {
      "version": "2.1.0",
      "resolved": "https://npm-dev.bonuz.com/mimic-response/-/mimic-response-2.1.0.tgz",
      "integrity": "sha512-wXqjST+SLt7R009ySCglWBCFpjUygmCIfD790/kVbiGmUgfYGuB14PiTd5DwVxSV4NcYHjzMkoj5LjQZwTQLEA=="
    },
    "murmurhash": {
      "version": "0.0.2",
      "resolved": "https://npm-dev.bonuz.com/murmurhash/-/murmurhash-0.0.2.tgz",
      "integrity": "sha1-bwe9ihEF5wnCb8iUIMtZMMJFhf4="
    },
    "uuid": {
      "version": "3.4.0",
      "resolved": "https://npm-dev.bonuz.com/uuid/-/uuid-3.4.0.tgz",
      "integrity": "sha512-HjSDRw6gZE5JMggctHBcjVak08+KEVhSIiDzFnT9S9aegmp85S/bReBVTb4QTFaRNptJ9kuYaNhnbNEOkbKb/A=="
    }
  }
}
